{
  "originHash" : "c011173185d5337d8640efe88354131aa8884f8eb4dc3762f2f1c2a3f5e0acae",
  "pins" : [
    {
      "identity" : "kingfisher",
      "kind" : "remoteSourceControl",
      "location" : "https://github.com/onevcat/Kingfisher.git",
      "state" : {
        "revision" : "ac632bd26a1c00f139ff62fd01806f21cf67325e",
        "version" : "8.10.0"
      }
    },
    {
      "identity" : "ns-core-design-system",
      "kind" : "remoteSourceControl",
      "location" : "https://github.com/simplex-tech-apps/ns-core-design-system.git",
      "state" : {
        "revision" : "931f01e1f191e06927a2d219b2e185186c921928",
        "version" : "2.0.4"
      }
    }
  ],
  "version" : 3
}
